// !$*UTF8*$!
{
	archiveVersion = 1;
	classes = {
	};
	objectVersion = 48;
	objects = {

/* Begin PBXBuildFile section */
		122BCEBA1F90661B008DACCE /* AppDelegate.swift in Sources */ = {isa = PBXBuildFile; fileRef = 122BCEB91F90661B008DACCE /* AppDelegate.swift */; };
		122BCEBC1F90661B008DACCE /* ViewController.swift in Sources */ = {isa = PBXBuildFile; fileRef = 122BCEBB1F90661B008DACCE /* ViewController.swift */; };
		122BCEBF1F90661B008DACCE /* Main.storyboard in Resources */ = {isa = PBXBuildFile; fileRef = 122BCEBD1F90661B008DACCE /* Main.storyboard */; };
		122BCEC11F90661B008DACCE /* Assets.xcassets in Resources */ = {isa = PBXBuildFile; fileRef = 122BCEC01F90661B008DACCE /* Assets.xcassets */; };
		122BCEC41F90661B008DACCE /* LaunchScreen.storyboard in Resources */ = {isa = PBXBuildFile; fileRef = 122BCEC21F90661B008DACCE /* LaunchScreen.storyboard */; };
/* End PBXBuildFile section */

/* Begin PBXFileReference section */
		122BCEB61F90661B008DACCE /* CABasicAnimationDemo.app */ = {isa = PBXFileReference; explicitFileType = wrapper.application; includeInIndex = 0; path = CABasicAnimationDemo.app; sourceTree = BUILT_PRODUCTS_DIR; };
		122BCEB91F90661B008DACCE /* AppDelegate.swift */ = {isa = PBXFileReference; lastKnownFileType = sourcecode.swift; path = AppDelegate.swift; sourceTree = "<group>"; };
		122BCEBB1F90661B008DACCE /* ViewController.swift */ = {isa = PBXFileReference; lastKnownFileType = sourcecode.swift; path = ViewController.swift; sourceTree = "<group>"; };
		122BCEBE1F90661B008DACCE /* Base */ = {isa = PBXFileReference; lastKnownFileType = file.storyboard; name = Base; path = Base.lproj/Main.storyboard; sourceTree = "<group>"; };
		122BCEC01F90661B008DACCE /* Assets.xcassets */ = {isa = PBXFileReference; lastKnownFileType = folder.assetcatalog; path = Assets.xcassets; sourceTree = "<group>"; };
		122BCEC31F90661B008DACCE /* Base */ = {isa = PBXFileReference; lastKnownFileType = file.storyboard; name = Base; path = Base.lproj/LaunchScreen.storyboard; sourceTree = "<group>"; };
		122BCEC51F90661B008DACCE /* Info.plist */ = {isa = PBXFileReference; lastKnownFileType = text.plist.xml; path = Info.plist; sourceTree = "<group>"; };
/* End PBXFileReference section */

/* Begin PBXFrameworksBuildPhase section */
		122BCEB31F90661B008DACCE /* Frameworks */ = {
			isa = PBXFrameworksBuildPhase;
			buildActionMask = 2147483647;
			files = (
			);
			runOnlyForDeploymentPostprocessing = 0;
		};
/* End PBXFrameworksBuildPhase section */

/* Begin PBXGroup section */
		122BCEAD1F90661B008DACCE = {
			isa = PBXGroup;
			children = (
				122BCEB81F90661B008DACCE /* CABasicAnimationDemo */,
				122BCEB71F90661B008DACCE /* Products */,
			);
			sourceTree = "<group>";
		};
		122BCEB71F90661B008DACCE /* Products */ = {
			isa = PBXGroup;
			children = (
				122BCEB61F90661B008DACCE /* CABasicAnimationDemo.app */,
			);
			name = Products;
			sourceTree = "<group>";
		};
		122BCEB81F90661B008DACCE /* CABasicAnimationDemo */ = {
			isa = PBXGroup;
			children = (
				122BCEB91F90661B008DACCE /* AppDelegate.swift */,
				122BCEBB1F90661B008DACCE /* ViewController.swift */,
				122BCEBD1F90661B008DACCE /* Main.storyboard */,
				122BCEC01F90661B008DACCE /* Assets.xcassets */,
				122BCEC21F90661B008DACCE /* LaunchScreen.storyboard */,
				122BCEC51F90661B008DACCE /* Info.plist */,
			);
			path = CABasicAnimationDemo;
			sourceTree = "<group>";
		};
/* End PBXGroup section */

/* Begin PBXNativeTarget section */
		122BCEB51F90661B008DACCE /* CABasicAnimationDemo */ = {
			isa = PBXNativeTarget;
			buildConfigurationList = 122BCEC81F90661B008DACCE /* Build configuration list for PBXNativeTarget "CABasicAnimationDemo" */;
			buildPhases = (
				122BCEB21F90661B008DACCE /* Sources */,
				122BCEB31F90661B008DACCE /* Frameworks */,
				122BCEB41F90661B008DACCE /* Resources */,
			);
			buildRules = (
			);
			dependencies = (
			);
			name = CABasicAnimationDemo;
			productName = CABasicAnimationDemo;
			productReference = 122BCEB61F90661B008DACCE /* CABasicAnimationDemo.app */;
			productType = "com.apple.product-type.application";
		};
/* End PBXNativeTarget section */

/* Begin PBXProject section */
		122BCEAE1F90661B008DACCE /* Project object */ = {
			isa = PBXProject;
			attributes = {
				LastSwiftUpdateCheck = 0900;
				LastUpgradeCheck = 0900;
				ORGANIZATIONNAME = lokizero00;
				TargetAttributes = {
					122BCEB51F90661B008DACCE = {
						CreatedOnToolsVersion = 9.0;
						ProvisioningStyle = Automatic;
					};
				};
			};
			buildConfigurationList = 122BCEB11F90661B008DACCE /* Build configuration list for PBXProject "CABasicAnimationDemo" */;
			compatibilityVersion = "Xcode 8.0";
			developmentRegion = en;
			hasScannedForEncodings = 0;
			knownRegions = (
				en,
				Base,
			);
			mainGroup = 122BCEAD1F90661B008DACCE;
			productRefGroup = 122BCEB71F90661B008DACCE /* Products */;
			projectDirPath = "";
			projectRoot = "";
			targets = (
				122BCEB51F90661B008DACCE /* CABasicAnimationDemo */,
			);
		};
/* End PBXProject section */

/* Begin PBXResourcesBuildPhase section */
		122BCEB41F90661B008DACCE /* Resources */ = {
			isa = PBXResourcesBuildPhase;
			buildActionMask = 2147483647;
			files = (
				122BCEC41F90661B008DACCE /* LaunchScreen.storyboard in Resources */,
				122BCEC11F90661B008DACCE /* Assets.xcassets in Resources */,
				122BCEBF1F90661B008DACCE /* Main.storyboard in Resources */,
			);
			runOnlyForDeploymentPostprocessing = 0;
		};
/* End PBXResourcesBuildPhase section */

/* Begin PBXSourcesBuildPhase section */
		122BCEB21F90661B008DACCE /* Sources */ = {
			isa = PBXSourcesBuildPhase;
			buildActionMask = 2147483647;
			files = (
				122BCEBC1F90661B008DACCE /* ViewController.swift in Sources */,
				122BCEBA1F90661B008DACCE /* AppDelegate.swift in Sources */,
			);
			runOnlyForDeploymentPostprocessing = 0;
		};
/* End PBXSourcesBuildPhase section */

/* Begin PBXVariantGroup section */
		122BCEBD1F90661B008DACCE /* Main.storyboard */ = {
			isa = PBXVariantGroup;
			children = (
				122BCEBE1F90661B008DACCE /* Base */,
			);
			name = Main.storyboard;
			sourceTree = "<group>";
		};
		122BCEC21F90661B008DACCE /* LaunchScreen.storyboard */ = {
			isa = PBXVariantGroup;
			children = (
				122BCEC31F90661B008DACCE /* Base */,
			);
			name = LaunchScreen.storyboard;
			sourceTree = "<group>";
		};
/* End PBXVariantGroup section */

/* Begin XCBuildConfiguration section */
		122BCEC61F90661B008DACCE /* Debug */ = {
			isa = XCBuildConfiguration;
			buildSettings = {
				ALWAYS_SEARCH_USER_PATHS = NO;
				CLANG_ANALYZER_NONNULL = YES;
				CLANG_ANALYZER_NUMBER_OBJECT_CONVERSION = YES_AGGRESSIVE;
				CLANG_CXX_LANGUAGE_STANDARD = "gnu++14";
				CLANG_CXX_LIBRARY = "libc++";
				CLANG_ENABLE_MODULES = YES;
				CLANG_ENABLE_OBJC_ARC = YES;
				CLANG_WARN_BLOCK_CAPTURE_AUTORELEASING = YES;
				CLANG_WARN_BOOL_CONVERSION = YES;
				CLANG_WARN_COMMA = YES;
				CLANG_WARN_CONSTANT_CONVERSION = YES;
				CLANG_WARN_DIRECT_OBJC_ISA_USAGE = YES_ERROR;
				CLANG_WARN_DOCUMENTATION_COMMENTS = YES;
				CLANG_WARN_EMPTY_BODY = YES;
				CLANG_WARN_ENUM_CONVERSION = YES;
				CLANG_WARN_INFINITE_RECURSION = YES;
				CLANG_WARN_INT_CONVERSION = YES;
				CLANG_WARN_NON_LITERAL_NULL_CONVERSION = YES;
				CLANG_WARN_OBJC_LITERAL_CONVERSION = YES;
				CLANG_WARN_OBJC_ROOT_CLASS = YES_ERROR;
				CLANG_WARN_RANGE_LOOP_ANALYSIS = YES;
				CLANG_WARN_STRICT_PROTOTYPES = YES;
				CLANG_WARN_SUSPICIOUS_MOVE = YES;
				CLANG_WARN_UNGUARDED_AVAILABILITY = YES_AGGRESSIVE;
				CLANG_WARN_UNREACHABLE_CODE = YES;
				CLANG_WARN__DUPLICATE_METHOD_MATCH = YES;
				CODE_SIGN_IDENTITY = "iPhone Developer";
				COPY_PHASE_STRIP = NO;
				DEBUG_INFORMATION_FORMAT = dwarf;
				ENABLE_STRICT_OBJC_MSGSEND = YES;
				ENABLE_TESTABILITY = YES;
				GCC_C_LANGUAGE_STANDARD = gnu11;
				GCC_DYNAMIC_NO_PIC = NO;
				GCC_NO_COMMON_BLOCKS = YES;
				GCC_OPTIMIZATION_LEVEL = 0;
				GCC_PREPROCESSOR_DEFINITIONS = (
					"DEBUG=1",
					"$(inherited)",
				);
				GCC_WARN_64_TO_32_BIT_CONVERSION = YES;
				GCC_WARN_ABOUT_RETURN_TYPE = YES_ERROR;
				GCC_WARN_UNDECLARED_SELECTOR = YES;
				GCC_WARN_UNINITIALIZED_AUTOS = YES_AGGRESSIVE;
				GCC_WARN_UNUSED_FUNCTION = YES;
				GCC_WARN_UNUSED_VARIABLE = YES;
				IPHONEOS_DEPLOYMENT_TARGET = 11.0;
				MTL_ENABLE_DEBUG_INFO = YES;
				ONLY_ACTIVE_ARCH = YES;
				SDKROOT = iphoneos;
				SWIFT_ACTIVE_COMPILATION_CONDITIONS = DEBUG;
				SWIFT_OPTIMIZATION_LEVEL = "-Onone";
			};
			name = Debug;
		};
		122BCEC71F90661B008DACCE /* Release */ = {
			isa = XCBuildConfiguration;
			buildSettings = {
				ALWAYS_SEARCH_USER_PATHS = NO;
				CLANG_ANALYZER_NONNULL = YES;
				CLANG_ANALYZER_NUMBER_OBJECT_CONVERSION = YES_AGGRESSIVE;
				CLANG_CXX_LANGUAGE_STANDARD = "gnu++14";
				CLANG_CXX_LIBRARY = "libc++";
				CLANG_ENABLE_MODULES = YES;
				CLANG_ENABLE_OBJC_ARC = YES;
				CLANG_WARN_BLOCK_CAPTURE_AUTORELEASING = YES;
				CLANG_WARN_BOOL_CONVERSION = YES;
				CLANG_WARN_COMMA = YES;
				CLANG_WARN_CONSTANT_CONVERSION = YES;
				CLANG_WARN_DIRECT_OBJC_ISA_USAGE = YES_ERROR;
				CLANG_WARN_DOCUMENTATION_COMMENTS = YES;
				CLANG_WARN_EMPTY_BODY = YES;
				CLANG_WARN_ENUM_CONVERSION = YES;
				CLANG_WARN_INFINITE_RECURSION = YES;
				CLANG_WARN_INT_CONVERSION = YES;
				CLANG_WARN_NON_LITERAL_NULL_CONVERSION = YES;
				CLANG_WARN_OBJC_LITERAL_CONVERSION = YES;
				CLANG_WARN_OBJC_ROOT_CLASS = YES_ERROR;
				CLANG_WARN_RANGE_LOOP_ANALYSIS = YES;
				CLANG_WARN_STRICT_PROTOTYPES = YES;
				CLANG_WARN_SUSPICIOUS_MOVE = YES;
				CLANG_WARN_UNGUARDED_AVAILABILITY = YES_AGGRESSIVE;
				CLANG_WARN_UNREACHABLE_CODE = YES;
				CLANG_WARN__DUPLICATE_METHOD_MATCH = YES;
				CODE_SIGN_IDENTITY = "iPhone Developer";
				COPY_PHASE_STRIP = NO;
				DEBUG_INFORMATION_FORMAT = "dwarf-with-dsym";
				ENABLE_NS_ASSERTIONS = NO;
				ENABLE_STRICT_OBJC_MSGSEND = YES;
				GCC_C_LANGUAGE_STANDARD = gnu11;
				GCC_NO_COMMON_BLOCKS = YES;
				GCC_WARN_64_TO_32_BIT_CONVERSION = YES;
				GCC_WARN_ABOUT_RETURN_TYPE = YES_ERROR;
				GCC_WARN_UNDECLARED_SELECTOR = YES;
				GCC_WARN_UNINITIALIZED_AUTOS = YES_AGGRESSIVE;
				GCC_WARN_UNUSED_FUNCTION = YES;
				GCC_WARN_UNUSED_VARIABLE = YES;
				IPHONEOS_DEPLOYMENT_TARGET = 11.0;
				MTL_ENABLE_DEBUG_INFO = NO;
				SDKROOT = iphoneos;
				SWIFT_OPTIMIZATION_LEVEL = "-Owholemodule";
				VALIDATE_PRODUCT = YES;
			};
			name = Release;
		};
		122BCEC91F90661B008DACCE /* Debug */ = {
			isa = XCBuildConfiguration;
			buildSettings = {
				ASSETCATALOG_COMPILER_APPICON_NAME = AppIcon;
				CODE_SIGN_STYLE = Automatic;
				DEVELOPMENT_TEAM = SSUF436QZC;
				INFOPLIST_FILE = CABasicAnimationDemo/Info.plist;
				LD_RUNPATH_SEARCH_PATHS = "$(inherited) @executable_path/Frameworks";
				PRODUCT_BUNDLE_IDENTIFIER = com.loki.zero.CABasicAnimationDemo;
				PRODUCT_NAME = "$(TARGET_NAME)";
				SWIFT_VERSION = 4.0;
				TARGETED_DEVICE_FAMILY = "1,2";
			};
			name = Debug;
		};
		122BCECA1F90661B008DACCE /* Release */ = {
			isa = XCBuildConfiguration;
			buildSettings = {
				ASSETCATALOG_COMPILER_APPICON_NAME = AppIcon;
				CODE_SIGN_STYLE = Automatic;
				DEVELOPMENT_TEAM = SSUF436QZC;
				INFOPLIST_FILE = CABasicAnimationDemo/Info.plist;
				LD_RUNPATH_SEARCH_PATHS = "$(inherited) @executable_path/Frameworks";
				PRODUCT_BUNDLE_IDENTIFIER = com.loki.zero.CABasicAnimationDemo;
				PRODUCT_NAME = "$(TARGET_NAME)";
				SWIFT_VERSION = 4.0;
				TARGETED_DEVICE_FAMILY = "1,2";
			};
			name = Release;
		};
/* End XCBuildConfiguration section */

/* Begin XCConfigurationList section */
		122BCEB11F90661B008DACCE /* Build configuration list for PBXProject "CABasicAnimationDemo" */ = {
			isa = XCConfigurationList;
			buildConfigurations = (
				122BCEC61F90661B008DACCE /* Debug */,
				122BCEC71F90661B008DACCE /* Release */,
			);
			defaultConfigurationIsVisible = 0;
			defaultConfigurationName = Release;
		};
		122BCEC81F90661B008DACCE /* Build configuration list for PBXNativeTarget "CABasicAnimationDemo" */ = {
			isa = XCConfigurationList;
			buildConfigurations = (
				122BCEC91F90661B008DACCE /* Debug */,
				122BCECA1F90661B008DACCE /* Release */,
			);
			defaultConfigurationIsVisible = 0;
			defaultConfigurationName = Release;
		};
/* End XCConfigurationList section */
	};
	rootObject = 122BCEAE1F90661B008DACCE /* Project object */;
}
